
Microsoft Visual Studio Solution File, Format Version 12.00
# Visual Studio Version 17
VisualStudioVersion = 17.5.002.0
MinimumVisualStudioVersion = 10.0.40219.1
Project("{9A19103F-16F7-4668-BE54-9A1E7A4F7556}") = "unistream_t2", "unistream_t2.csproj", "{D395708F-9566-4518-8AD8-467497D6E258}"
EndProject
Global
	GlobalSection(SolutionConfigurationPlatforms) = preSolution
		Debug|Any CPU = Debug|Any CPU
		Release|Any CPU = Release|Any CPU
	EndGlobalSection
	GlobalSection(ProjectConfigurationPlatforms) = postSolution
		{D395708F-9566-4518-8AD8-467497D6E258}.Debug|Any CPU.ActiveCfg = Debug|Any CPU
		{D395708F-9566-4518-8AD8-467497D6E258}.Debug|Any CPU.Build.0 = Debug|Any CPU
		{D395708F-9566-4518-8AD8-467497D6E258}.Release|Any CPU.ActiveCfg = Release|Any CPU
		{D395708F-9566-4518-8AD8-467497D6E258}.Release|Any CPU.Build.0 = Release|Any CPU
	EndGlobalSection
	GlobalSection(SolutionProperties) = preSolution
		HideSolutionNode = FALSE
	EndGlobalSection
	GlobalSection(ExtensibilityGlobals) = postSolution
		SolutionGuid = {CD046D86-4218-477D-B77B-241BCCC705B8}
	EndGlobalSection
EndGlobal
